Microsoft Visual Studio Solution File, Format Version 12.00
# Visual Studio Version 17
VisualStudioVersion = 17.5.2.0
MinimumVisualStudioVersion = 10.0.40219.1
Project("{FAE04EC0-301F-11D3-BF4B-00C04F79EFBC}") = "BVN.WinForms", "BVN.WinForms\BVN.WinForms.csproj", "{BF8301C4-ABEA-2AB3-AC21-43ABA792A883}"
EndProject
Global
	GlobalSection(SolutionConfigurationPlatforms) = preSolution
		Debug|Any CPU = Debug|Any CPU
		Release|Any CPU = Release|Any CPU
	EndGlobalSection
	GlobalSection(ProjectConfigurationPlatforms) = postSolution
		{BF8301C4-ABEA-2AB3-AC21-43ABA792A883}.Debug|Any CPU.ActiveCfg = Debug|Any CPU
		{BF8301C4-ABEA-2AB3-AC21-43ABA792A883}.Debug|Any CPU.Build.0 = Debug|Any CPU
		{BF8301C4-ABEA-2AB3-AC21-43ABA792A883}.Release|Any CPU.ActiveCfg = Release|Any CPU
		{BF8301C4-ABEA-2AB3-AC21-43ABA792A883}.Release|Any CPU.Build.0 = Release|Any CPU
	EndGlobalSection
	GlobalSection(SolutionProperties) = preSolution
		HideSolutionNode = FALSE
	EndGlobalSection
	GlobalSection(ExtensibilityGlobals) = postSolution
		SolutionGuid = {1551892F-19CD-449A-AAB6-1550EA644660}
	EndGlobalSection
EndGlobal
